
Microsoft Visual Studio Solution File, Format Version 12.00
# Visual Studio Version 17
VisualStudioVersion = 17.0.32014.148
MinimumVisualStudioVersion = 10.0.40219.1
Project("{FAE04EC0-301F-11D3-BF4B-00C04F79EFBC}") = "2.2.1. GAME", "2.2.1. GAME\2.2.1. GAME.csproj", "{623E5FC2-62AC-4CD9-B62C-80A928568BBD}"
EndProject
Global
	GlobalSection(SolutionConfigurationPlatforms) = preSolution
		Debug|Any CPU = Debug|Any CPU
		Release|Any CPU = Release|Any CPU
	EndGlobalSection
	GlobalSection(ProjectConfigurationPlatforms) = postSolution
		{623E5FC2-62AC-4CD9-B62C-80A928568BBD}.Debug|Any CPU.ActiveCfg = Debug|Any CPU
		{623E5FC2-62AC-4CD9-B62C-80A928568BBD}.Debug|Any CPU.Build.0 = Debug|Any CPU
		{623E5FC2-62AC-4CD9-B62C-80A928568BBD}.Release|Any CPU.ActiveCfg = Release|Any CPU
		{623E5FC2-62AC-4CD9-B62C-80A928568BBD}.Release|Any CPU.Build.0 = Release|Any CPU
	EndGlobalSection
	GlobalSection(SolutionProperties) = preSolution
		HideSolutionNode = FALSE
	EndGlobalSection
	GlobalSection(ExtensibilityGlobals) = postSolution
		SolutionGuid = {D15DCBE1-923A-4BCA-A412-0E3542A34C7B}
	EndGlobalSection
EndGlobal
