
Microsoft Visual Studio Solution File, Format Version 12.00
# Visual Studio Version 17
VisualStudioVersion = 17.0.32014.148
MinimumVisualStudioVersion = 10.0.40219.1
Project("{FAE04EC0-301F-11D3-BF4B-00C04F79EFBC}") = "Task_3.3.1. SUPER ARRAY", "Task_3.3.1. SUPER ARRAY\Task_3.3.1. SUPER ARRAY.csproj", "{E35AF0CD-33B3-42BF-9CD1-366DDE717D32}"
EndProject
Project("{FAE04EC0-301F-11D3-BF4B-00C04F79EFBC}") = "Task_3.3.2. SUPER STRING", "Task_3.3.2. SUPER STRING\Task_3.3.2. SUPER STRING.csproj", "{7553EB37-B13F-4845-AE68-A233BDD57C52}"
EndProject
Project("{FAE04EC0-301F-11D3-BF4B-00C04F79EFBC}") = "Task_3.3.3. PIZZA TIME", "Task_3.3.3. PIZZA TIME\Task_3.3.3. PIZZA TIME.csproj", "{B3D9BB66-8686-40DC-AF0C-AE9D3B3E1DDD}"
EndProject
Global
	GlobalSection(SolutionConfigurationPlatforms) = preSolution
		Debug|Any CPU = Debug|Any CPU
		Release|Any CPU = Release|Any CPU
	EndGlobalSection
	GlobalSection(ProjectConfigurationPlatforms) = postSolution
		{E35AF0CD-33B3-42BF-9CD1-366DDE717D32}.Debug|Any CPU.ActiveCfg = Debug|Any CPU
		{E35AF0CD-33B3-42BF-9CD1-366DDE717D32}.Debug|Any CPU.Build.0 = Debug|Any CPU
		{E35AF0CD-33B3-42BF-9CD1-366DDE717D32}.Release|Any CPU.ActiveCfg = Release|Any CPU
		{E35AF0CD-33B3-42BF-9CD1-366DDE717D32}.Release|Any CPU.Build.0 = Release|Any CPU
		{7553EB37-B13F-4845-AE68-A233BDD57C52}.Debug|Any CPU.ActiveCfg = Debug|Any CPU
		{7553EB37-B13F-4845-AE68-A233BDD57C52}.Debug|Any CPU.Build.0 = Debug|Any CPU
		{7553EB37-B13F-4845-AE68-A233BDD57C52}.Release|Any CPU.ActiveCfg = Release|Any CPU
		{7553EB37-B13F-4845-AE68-A233BDD57C52}.Release|Any CPU.Build.0 = Release|Any CPU
		{B3D9BB66-8686-40DC-AF0C-AE9D3B3E1DDD}.Debug|Any CPU.ActiveCfg = Debug|Any CPU
		{B3D9BB66-8686-40DC-AF0C-AE9D3B3E1DDD}.Debug|Any CPU.Build.0 = Debug|Any CPU
		{B3D9BB66-8686-40DC-AF0C-AE9D3B3E1DDD}.Release|Any CPU.ActiveCfg = Release|Any CPU
		{B3D9BB66-8686-40DC-AF0C-AE9D3B3E1DDD}.Release|Any CPU.Build.0 = Release|Any CPU
	EndGlobalSection
	GlobalSection(SolutionProperties) = preSolution
		HideSolutionNode = FALSE
	EndGlobalSection
	GlobalSection(ExtensibilityGlobals) = postSolution
		SolutionGuid = {9AE64BBD-3EE4-489A-9760-CFB522ABDA59}
	EndGlobalSection
EndGlobal
