
Microsoft Visual Studio Solution File, Format Version 12.00
# Visual Studio Version 17
VisualStudioVersion = 17.0.32014.148
MinimumVisualStudioVersion = 10.0.40219.1
Project("{9A19103F-16F7-4668-BE54-9A1E7A4F7556}") = "Task_3.1.1 WEAKEST LINK", "Task_3.1.1 WEAKEST LINK\Task_3.1.1 WEAKEST LINK.csproj", "{EE78C94F-C8F5-4484-A0C0-EAB75B590691}"
EndProject
Project("{FAE04EC0-301F-11D3-BF4B-00C04F79EFBC}") = "Task_3.1.2 TEXT ANALYSIS", "Task_3.1.2 TEXT ANALYSIS\Task_3.1.2 TEXT ANALYSIS.csproj", "{7446BBF1-A9DE-4B54-929F-AFD4DBCC6F85}"
EndProject
Global
	GlobalSection(SolutionConfigurationPlatforms) = preSolution
		Debug|Any CPU = Debug|Any CPU
		Release|Any CPU = Release|Any CPU
	EndGlobalSection
	GlobalSection(ProjectConfigurationPlatforms) = postSolution
		{EE78C94F-C8F5-4484-A0C0-EAB75B590691}.Debug|Any CPU.ActiveCfg = Debug|Any CPU
		{EE78C94F-C8F5-4484-A0C0-EAB75B590691}.Debug|Any CPU.Build.0 = Debug|Any CPU
		{EE78C94F-C8F5-4484-A0C0-EAB75B590691}.Release|Any CPU.ActiveCfg = Release|Any CPU
		{EE78C94F-C8F5-4484-A0C0-EAB75B590691}.Release|Any CPU.Build.0 = Release|Any CPU
		{7446BBF1-A9DE-4B54-929F-AFD4DBCC6F85}.Debug|Any CPU.ActiveCfg = Debug|Any CPU
		{7446BBF1-A9DE-4B54-929F-AFD4DBCC6F85}.Debug|Any CPU.Build.0 = Debug|Any CPU
		{7446BBF1-A9DE-4B54-929F-AFD4DBCC6F85}.Release|Any CPU.ActiveCfg = Release|Any CPU
		{7446BBF1-A9DE-4B54-929F-AFD4DBCC6F85}.Release|Any CPU.Build.0 = Release|Any CPU
	EndGlobalSection
	GlobalSection(SolutionProperties) = preSolution
		HideSolutionNode = FALSE
	EndGlobalSection
	GlobalSection(ExtensibilityGlobals) = postSolution
		SolutionGuid = {BC4D7552-EDF9-425D-9149-774829B20100}
	EndGlobalSection
EndGlobal
