
Microsoft Visual Studio Solution File, Format Version 12.00
# Visual Studio Version 17
VisualStudioVersion = 17.0.32014.148
MinimumVisualStudioVersion = 10.0.40219.1
Project("{9A19103F-16F7-4668-BE54-9A1E7A4F7556}") = "Task_3.2", "Task_3.2\Task_3.2.csproj", "{1B5E2EF0-B23E-4916-B2A5-8E14FA7E6925}"
EndProject
Project("{FAE04EC0-301F-11D3-BF4B-00C04F79EFBC}") = "CustomArrayEPAM", "CustomArray\CustomArrayEPAM.csproj", "{C315F7AA-899F-478F-B947-C7031D392C1F}"
EndProject
Global
	GlobalSection(SolutionConfigurationPlatforms) = preSolution
		Debug|Any CPU = Debug|Any CPU
		Release|Any CPU = Release|Any CPU
	EndGlobalSection
	GlobalSection(ProjectConfigurationPlatforms) = postSolution
		{1B5E2EF0-B23E-4916-B2A5-8E14FA7E6925}.Debug|Any CPU.ActiveCfg = Debug|Any CPU
		{1B5E2EF0-B23E-4916-B2A5-8E14FA7E6925}.Debug|Any CPU.Build.0 = Debug|Any CPU
		{1B5E2EF0-B23E-4916-B2A5-8E14FA7E6925}.Release|Any CPU.ActiveCfg = Release|Any CPU
		{1B5E2EF0-B23E-4916-B2A5-8E14FA7E6925}.Release|Any CPU.Build.0 = Release|Any CPU
		{C315F7AA-899F-478F-B947-C7031D392C1F}.Debug|Any CPU.ActiveCfg = Debug|Any CPU
		{C315F7AA-899F-478F-B947-C7031D392C1F}.Debug|Any CPU.Build.0 = Debug|Any CPU
		{C315F7AA-899F-478F-B947-C7031D392C1F}.Release|Any CPU.ActiveCfg = Release|Any CPU
		{C315F7AA-899F-478F-B947-C7031D392C1F}.Release|Any CPU.Build.0 = Release|Any CPU
	EndGlobalSection
	GlobalSection(SolutionProperties) = preSolution
		HideSolutionNode = FALSE
	EndGlobalSection
	GlobalSection(ExtensibilityGlobals) = postSolution
		SolutionGuid = {C9328227-6A61-412F-B63D-608305DCCA18}
	EndGlobalSection
EndGlobal
