
Microsoft Visual Studio Solution File, Format Version 12.00
# Visual Studio Version 17
VisualStudioVersion = 17.0.32014.148
MinimumVisualStudioVersion = 10.0.40219.1
Project("{FAE04EC0-301F-11D3-BF4B-00C04F79EFBC}") = "1.2.4. VALIDATOR", "1.2.4. VALIDATOR\1.2.4. VALIDATOR.csproj", "{97B680EC-14A6-444E-8479-8D0BEC90BEBE}"
EndProject
Global
	GlobalSection(SolutionConfigurationPlatforms) = preSolution
		Debug|Any CPU = Debug|Any CPU
		Release|Any CPU = Release|Any CPU
	EndGlobalSection
	GlobalSection(ProjectConfigurationPlatforms) = postSolution
		{97B680EC-14A6-444E-8479-8D0BEC90BEBE}.Debug|Any CPU.ActiveCfg = Debug|Any CPU
		{97B680EC-14A6-444E-8479-8D0BEC90BEBE}.Debug|Any CPU.Build.0 = Debug|Any CPU
		{97B680EC-14A6-444E-8479-8D0BEC90BEBE}.Release|Any CPU.ActiveCfg = Release|Any CPU
		{97B680EC-14A6-444E-8479-8D0BEC90BEBE}.Release|Any CPU.Build.0 = Release|Any CPU
	EndGlobalSection
	GlobalSection(SolutionProperties) = preSolution
		HideSolutionNode = FALSE
	EndGlobalSection
	GlobalSection(ExtensibilityGlobals) = postSolution
		SolutionGuid = {079A1D56-BF7C-43C0-B14C-BC617FAD971D}
	EndGlobalSection
EndGlobal
