
Microsoft Visual Studio Solution File, Format Version 12.00
# Visual Studio Version 17
VisualStudioVersion = 17.0.32014.148
MinimumVisualStudioVersion = 10.0.40219.1
Project("{FAE04EC0-301F-11D3-BF4B-00C04F79EFBC}") = "1.1.10. 2D ARRAY", "1.1.10. 2D ARRAY\1.1.10. 2D ARRAY.csproj", "{CEA27B26-D032-4EC2-9F33-56ED50CA1291}"
EndProject
Global
	GlobalSection(SolutionConfigurationPlatforms) = preSolution
		Debug|Any CPU = Debug|Any CPU
		Release|Any CPU = Release|Any CPU
	EndGlobalSection
	GlobalSection(ProjectConfigurationPlatforms) = postSolution
		{CEA27B26-D032-4EC2-9F33-56ED50CA1291}.Debug|Any CPU.ActiveCfg = Debug|Any CPU
		{CEA27B26-D032-4EC2-9F33-56ED50CA1291}.Debug|Any CPU.Build.0 = Debug|Any CPU
		{CEA27B26-D032-4EC2-9F33-56ED50CA1291}.Release|Any CPU.ActiveCfg = Release|Any CPU
		{CEA27B26-D032-4EC2-9F33-56ED50CA1291}.Release|Any CPU.Build.0 = Release|Any CPU
	EndGlobalSection
	GlobalSection(SolutionProperties) = preSolution
		HideSolutionNode = FALSE
	EndGlobalSection
	GlobalSection(ExtensibilityGlobals) = postSolution
		SolutionGuid = {AE797F05-E580-4B4C-AE7C-DB5C1C3FC8CD}
	EndGlobalSection
EndGlobal
